
Microsoft Visual Studio Solution File, Format Version 12.00
# Visual Studio Version 16
VisualStudioVersion = 16.0.31410.357
MinimumVisualStudioVersion = 10.0.40219.1
Project("{FAE04EC0-301F-11D3-BF4B-00C04F79EFBC}") = "eBroker", "eBroker\eBroker.csproj", "{D1C3824C-9E06-4E00-9CDC-A83A3404AF5A}"
EndProject
Project("{FAE04EC0-301F-11D3-BF4B-00C04F79EFBC}") = "eBroker_Test", "eBroker_Test\eBroker_Test.csproj", "{A31A622B-9CC7-4649-983C-E00C1BBED0CE}"
EndProject
Project("{FAE04EC0-301F-11D3-BF4B-00C04F79EFBC}") = "Repository", "Respository\Repository.csproj", "{D080413B-A109-4B90-ADB7-DDCEEAC070C1}"
EndProject
Global
	GlobalSection(SolutionConfigurationPlatforms) = preSolution
		Debug|Any CPU = Debug|Any CPU
		Release|Any CPU = Release|Any CPU
	EndGlobalSection
	GlobalSection(ProjectConfigurationPlatforms) = postSolution
		{D1C3824C-9E06-4E00-9CDC-A83A3404AF5A}.Debug|Any CPU.ActiveCfg = Debug|Any CPU
		{D1C3824C-9E06-4E00-9CDC-A83A3404AF5A}.Debug|Any CPU.Build.0 = Debug|Any CPU
		{D1C3824C-9E06-4E00-9CDC-A83A3404AF5A}.Release|Any CPU.ActiveCfg = Release|Any CPU
		{D1C3824C-9E06-4E00-9CDC-A83A3404AF5A}.Release|Any CPU.Build.0 = Release|Any CPU
		{A31A622B-9CC7-4649-983C-E00C1BBED0CE}.Debug|Any CPU.ActiveCfg = Debug|Any CPU
		{A31A622B-9CC7-4649-983C-E00C1BBED0CE}.Debug|Any CPU.Build.0 = Debug|Any CPU
		{A31A622B-9CC7-4649-983C-E00C1BBED0CE}.Release|Any CPU.ActiveCfg = Release|Any CPU
		{A31A622B-9CC7-4649-983C-E00C1BBED0CE}.Release|Any CPU.Build.0 = Release|Any CPU
		{D080413B-A109-4B90-ADB7-DDCEEAC070C1}.Debug|Any CPU.ActiveCfg = Debug|Any CPU
		{D080413B-A109-4B90-ADB7-DDCEEAC070C1}.Debug|Any CPU.Build.0 = Debug|Any CPU
		{D080413B-A109-4B90-ADB7-DDCEEAC070C1}.Release|Any CPU.ActiveCfg = Release|Any CPU
		{D080413B-A109-4B90-ADB7-DDCEEAC070C1}.Release|Any CPU.Build.0 = Release|Any CPU
	EndGlobalSection
	GlobalSection(SolutionProperties) = preSolution
		HideSolutionNode = FALSE
	EndGlobalSection
	GlobalSection(ExtensibilityGlobals) = postSolution
		SolutionGuid = {6E68D368-9D1F-42BA-9D50-49E8D3D2DBF6}
	EndGlobalSection
EndGlobal
